
Microsoft Visual Studio Solution File, Format Version 12.00
# Visual Studio 14
VisualStudioVersion = 14.0.24720.0
MinimumVisualStudioVersion = 10.0.40219.1
Project("{FAE04EC0-301F-11D3-BF4B-00C04F79EFBC}") = "Glovebox.Graphics", "Glovebox.Graphics\Glovebox.Graphics.csproj", "{6B7BCBAB-4C1A-4E90-9F9B-31B233F90370}"
EndProject
Project("{FAE04EC0-301F-11D3-BF4B-00C04F79EFBC}") = "LED Matrix Adavnced Examples", "Examples\LED Matrix Adavnced Examples.csproj", "{872E4D7B-1D1B-4D5B-A36E-5A98108A489F}"
EndProject
Project("{FAE04EC0-301F-11D3-BF4B-00C04F79EFBC}") = "LED Matrix HelloWorld Sample", "HelloWorld\LED Matrix HelloWorld Sample.csproj", "{18B2C975-9740-47AC-9343-0C7F33CE5578}"
EndProject
Project("{FAE04EC0-301F-11D3-BF4B-00C04F79EFBC}") = "Seven Segment Display Sample", "Seven Segment Display Sample\Seven Segment Display Sample.csproj", "{80A04812-AC5A-4FAF-8546-4DB9F9C92C95}"
EndProject
Global
	GlobalSection(SolutionConfigurationPlatforms) = preSolution
		Debug|Any CPU = Debug|Any CPU
		Debug|ARM = Debug|ARM
		Debug|x64 = Debug|x64
		Debug|x86 = Debug|x86
		Release|Any CPU = Release|Any CPU
		Release|ARM = Release|ARM
		Release|x64 = Release|x64
		Release|x86 = Release|x86
	EndGlobalSection
	GlobalSection(ProjectConfigurationPlatforms) = postSolution
		{6B7BCBAB-4C1A-4E90-9F9B-31B233F90370}.Debug|Any CPU.ActiveCfg = Debug|Any CPU
		{6B7BCBAB-4C1A-4E90-9F9B-31B233F90370}.Debug|Any CPU.Build.0 = Debug|Any CPU
		{6B7BCBAB-4C1A-4E90-9F9B-31B233F90370}.Debug|ARM.ActiveCfg = Debug|Any CPU
		{6B7BCBAB-4C1A-4E90-9F9B-31B233F90370}.Debug|ARM.Build.0 = Debug|Any CPU
		{6B7BCBAB-4C1A-4E90-9F9B-31B233F90370}.Debug|x64.ActiveCfg = Debug|x64
		{6B7BCBAB-4C1A-4E90-9F9B-31B233F90370}.Debug|x64.Build.0 = Debug|x64
		{6B7BCBAB-4C1A-4E90-9F9B-31B233F90370}.Debug|x86.ActiveCfg = Debug|x86
		{6B7BCBAB-4C1A-4E90-9F9B-31B233F90370}.Debug|x86.Build.0 = Debug|x86
		{6B7BCBAB-4C1A-4E90-9F9B-31B233F90370}.Release|Any CPU.ActiveCfg = Release|Any CPU
		{6B7BCBAB-4C1A-4E90-9F9B-31B233F90370}.Release|Any CPU.Build.0 = Release|Any CPU
		{6B7BCBAB-4C1A-4E90-9F9B-31B233F90370}.Release|ARM.ActiveCfg = Release|Any CPU
		{6B7BCBAB-4C1A-4E90-9F9B-31B233F90370}.Release|ARM.Build.0 = Release|Any CPU
		{6B7BCBAB-4C1A-4E90-9F9B-31B233F90370}.Release|x64.ActiveCfg = Release|x64
		{6B7BCBAB-4C1A-4E90-9F9B-31B233F90370}.Release|x64.Build.0 = Release|x64
		{6B7BCBAB-4C1A-4E90-9F9B-31B233F90370}.Release|x86.ActiveCfg = Release|x86
		{6B7BCBAB-4C1A-4E90-9F9B-31B233F90370}.Release|x86.Build.0 = Release|x86
		{872E4D7B-1D1B-4D5B-A36E-5A98108A489F}.Debug|Any CPU.ActiveCfg = Debug|ARM
		{872E4D7B-1D1B-4D5B-A36E-5A98108A489F}.Debug|Any CPU.Build.0 = Debug|ARM
		{872E4D7B-1D1B-4D5B-A36E-5A98108A489F}.Debug|Any CPU.Deploy.0 = Debug|ARM
		{872E4D7B-1D1B-4D5B-A36E-5A98108A489F}.Debug|ARM.ActiveCfg = Debug|ARM
		{872E4D7B-1D1B-4D5B-A36E-5A98108A489F}.Debug|x64.ActiveCfg = Debug|x64
		{872E4D7B-1D1B-4D5B-A36E-5A98108A489F}.Debug|x64.Build.0 = Debug|x64
		{872E4D7B-1D1B-4D5B-A36E-5A98108A489F}.Debug|x64.Deploy.0 = Debug|x64
		{872E4D7B-1D1B-4D5B-A36E-5A98108A489F}.Debug|x86.ActiveCfg = Debug|x86
		{872E4D7B-1D1B-4D5B-A36E-5A98108A489F}.Debug|x86.Build.0 = Debug|x86
		{872E4D7B-1D1B-4D5B-A36E-5A98108A489F}.Debug|x86.Deploy.0 = Debug|x86
		{872E4D7B-1D1B-4D5B-A36E-5A98108A489F}.Release|Any CPU.ActiveCfg = Release|ARM
		{872E4D7B-1D1B-4D5B-A36E-5A98108A489F}.Release|ARM.ActiveCfg = Release|ARM
		{872E4D7B-1D1B-4D5B-A36E-5A98108A489F}.Release|ARM.Build.0 = Release|ARM
		{872E4D7B-1D1B-4D5B-A36E-5A98108A489F}.Release|ARM.Deploy.0 = Release|ARM
		{872E4D7B-1D1B-4D5B-A36E-5A98108A489F}.Release|x64.ActiveCfg = Release|x64
		{872E4D7B-1D1B-4D5B-A36E-5A98108A489F}.Release|x64.Build.0 = Release|x64
		{872E4D7B-1D1B-4D5B-A36E-5A98108A489F}.Release|x64.Deploy.0 = Release|x64
		{872E4D7B-1D1B-4D5B-A36E-5A98108A489F}.Release|x86.ActiveCfg = Release|x86
		{872E4D7B-1D1B-4D5B-A36E-5A98108A489F}.Release|x86.Build.0 = Release|x86
		{872E4D7B-1D1B-4D5B-A36E-5A98108A489F}.Release|x86.Deploy.0 = Release|x86
		{18B2C975-9740-47AC-9343-0C7F33CE5578}.Debug|Any CPU.ActiveCfg = Debug|ARM
		{18B2C975-9740-47AC-9343-0C7F33CE5578}.Debug|Any CPU.Build.0 = Debug|ARM
		{18B2C975-9740-47AC-9343-0C7F33CE5578}.Debug|Any CPU.Deploy.0 = Debug|ARM
		{18B2C975-9740-47AC-9343-0C7F33CE5578}.Debug|ARM.ActiveCfg = Debug|ARM
		{18B2C975-9740-47AC-9343-0C7F33CE5578}.Debug|ARM.Build.0 = Debug|ARM
		{18B2C975-9740-47AC-9343-0C7F33CE5578}.Debug|ARM.Deploy.0 = Debug|ARM
		{18B2C975-9740-47AC-9343-0C7F33CE5578}.Debug|x64.ActiveCfg = Debug|x64
		{18B2C975-9740-47AC-9343-0C7F33CE5578}.Debug|x64.Build.0 = Debug|x64
		{18B2C975-9740-47AC-9343-0C7F33CE5578}.Debug|x64.Deploy.0 = Debug|x64
		{18B2C975-9740-47AC-9343-0C7F33CE5578}.Debug|x86.ActiveCfg = Debug|x86
		{18B2C975-9740-47AC-9343-0C7F33CE5578}.Debug|x86.Build.0 = Debug|x86
		{18B2C975-9740-47AC-9343-0C7F33CE5578}.Debug|x86.Deploy.0 = Debug|x86
		{18B2C975-9740-47AC-9343-0C7F33CE5578}.Release|Any CPU.ActiveCfg = Release|ARM
		{18B2C975-9740-47AC-9343-0C7F33CE5578}.Release|ARM.ActiveCfg = Release|ARM
		{18B2C975-9740-47AC-9343-0C7F33CE5578}.Release|ARM.Build.0 = Release|ARM
		{18B2C975-9740-47AC-9343-0C7F33CE5578}.Release|ARM.Deploy.0 = Release|ARM
		{18B2C975-9740-47AC-9343-0C7F33CE5578}.Release|x64.ActiveCfg = Release|x64
		{18B2C975-9740-47AC-9343-0C7F33CE5578}.Release|x64.Build.0 = Release|x64
		{18B2C975-9740-47AC-9343-0C7F33CE5578}.Release|x64.Deploy.0 = Release|x64
		{18B2C975-9740-47AC-9343-0C7F33CE5578}.Release|x86.ActiveCfg = Release|x86
		{18B2C975-9740-47AC-9343-0C7F33CE5578}.Release|x86.Build.0 = Release|x86
		{18B2C975-9740-47AC-9343-0C7F33CE5578}.Release|x86.Deploy.0 = Release|x86
		{80A04812-AC5A-4FAF-8546-4DB9F9C92C95}.Debug|Any CPU.ActiveCfg = Debug|ARM
		{80A04812-AC5A-4FAF-8546-4DB9F9C92C95}.Debug|Any CPU.Build.0 = Debug|ARM
		{80A04812-AC5A-4FAF-8546-4DB9F9C92C95}.Debug|Any CPU.Deploy.0 = Debug|ARM
		{80A04812-AC5A-4FAF-8546-4DB9F9C92C95}.Debug|ARM.ActiveCfg = Debug|ARM
		{80A04812-AC5A-4FAF-8546-4DB9F9C92C95}.Debug|ARM.Build.0 = Debug|ARM
		{80A04812-AC5A-4FAF-8546-4DB9F9C92C95}.Debug|ARM.Deploy.0 = Debug|ARM
		{80A04812-AC5A-4FAF-8546-4DB9F9C92C95}.Debug|x64.ActiveCfg = Debug|x64
		{80A04812-AC5A-4FAF-8546-4DB9F9C92C95}.Debug|x64.Build.0 = Debug|x64
		{80A04812-AC5A-4FAF-8546-4DB9F9C92C95}.Debug|x64.Deploy.0 = Debug|x64
		{80A04812-AC5A-4FAF-8546-4DB9F9C92C95}.Debug|x86.ActiveCfg = Debug|x86
		{80A04812-AC5A-4FAF-8546-4DB9F9C92C95}.Debug|x86.Build.0 = Debug|x86
		{80A04812-AC5A-4FAF-8546-4DB9F9C92C95}.Debug|x86.Deploy.0 = Debug|x86
		{80A04812-AC5A-4FAF-8546-4DB9F9C92C95}.Release|Any CPU.ActiveCfg = Release|x86
		{80A04812-AC5A-4FAF-8546-4DB9F9C92C95}.Release|ARM.ActiveCfg = Release|ARM
		{80A04812-AC5A-4FAF-8546-4DB9F9C92C95}.Release|ARM.Build.0 = Release|ARM
		{80A04812-AC5A-4FAF-8546-4DB9F9C92C95}.Release|ARM.Deploy.0 = Release|ARM
		{80A04812-AC5A-4FAF-8546-4DB9F9C92C95}.Release|x64.ActiveCfg = Release|x64
		{80A04812-AC5A-4FAF-8546-4DB9F9C92C95}.Release|x64.Build.0 = Release|x64
		{80A04812-AC5A-4FAF-8546-4DB9F9C92C95}.Release|x64.Deploy.0 = Release|x64
		{80A04812-AC5A-4FAF-8546-4DB9F9C92C95}.Release|x86.ActiveCfg = Release|x86
		{80A04812-AC5A-4FAF-8546-4DB9F9C92C95}.Release|x86.Build.0 = Release|x86
		{80A04812-AC5A-4FAF-8546-4DB9F9C92C95}.Release|x86.Deploy.0 = Release|x86
	EndGlobalSection
	GlobalSection(SolutionProperties) = preSolution
		HideSolutionNode = FALSE
	EndGlobalSection
EndGlobal
